
Microsoft Visual Studio Solution File, Format Version 12.00
# Visual Studio 15
VisualStudioVersion = 15.0.27703.2042
MinimumVisualStudioVersion = 10.0.40219.1
Project("{FAE04EC0-301F-11D3-BF4B-00C04F79EFBC}") = "LadysWeb", "LadysWeb\LadysWeb.csproj", "{E3B0A3F4-07C8-45E1-A549-52CEA7F1999D}"
EndProject
Global
	GlobalSection(SolutionConfigurationPlatforms) = preSolution
		Debug|Any CPU = Debug|Any CPU
		Release|Any CPU = Release|Any CPU
	EndGlobalSection
	GlobalSection(ProjectConfigurationPlatforms) = postSolution
		{E3B0A3F4-07C8-45E1-A549-52CEA7F1999D}.Debug|Any CPU.ActiveCfg = Debug|Any CPU
		{E3B0A3F4-07C8-45E1-A549-52CEA7F1999D}.Debug|Any CPU.Build.0 = Debug|Any CPU
		{E3B0A3F4-07C8-45E1-A549-52CEA7F1999D}.Release|Any CPU.ActiveCfg = Release|Any CPU
		{E3B0A3F4-07C8-45E1-A549-52CEA7F1999D}.Release|Any CPU.Build.0 = Release|Any CPU
	EndGlobalSection
	GlobalSection(SolutionProperties) = preSolution
		HideSolutionNode = FALSE
	EndGlobalSection
	GlobalSection(ExtensibilityGlobals) = postSolution
		SolutionGuid = {DC93AE2A-158C-4DAD-8717-95F7C8FBB824}
	EndGlobalSection
EndGlobal
